
Microsoft Visual Studio Solution File, Format Version 12.00
# Visual Studio Version 16
VisualStudioVersion = 16.0.30717.126
MinimumVisualStudioVersion = 10.0.40219.1
Project("{FAE04EC0-301F-11D3-BF4B-00C04F79EFBC}") = "BookInventory", "BookInventory.csproj", "{BB3FF469-5D51-49F2-8701-D624E2E28812}"
EndProject
Global
	GlobalSection(SolutionConfigurationPlatforms) = preSolution
		Debug|Any CPU = Debug|Any CPU
		Release|Any CPU = Release|Any CPU
	EndGlobalSection
	GlobalSection(ProjectConfigurationPlatforms) = postSolution
		{BB3FF469-5D51-49F2-8701-D624E2E28812}.Debug|Any CPU.ActiveCfg = Debug|Any CPU
		{BB3FF469-5D51-49F2-8701-D624E2E28812}.Debug|Any CPU.Build.0 = Debug|Any CPU
		{BB3FF469-5D51-49F2-8701-D624E2E28812}.Release|Any CPU.ActiveCfg = Release|Any CPU
		{BB3FF469-5D51-49F2-8701-D624E2E28812}.Release|Any CPU.Build.0 = Release|Any CPU
	EndGlobalSection
	GlobalSection(SolutionProperties) = preSolution
		HideSolutionNode = FALSE
	EndGlobalSection
	GlobalSection(ExtensibilityGlobals) = postSolution
		SolutionGuid = {86B72B50-971A-4261-A453-EA47F36AB9DF}
	EndGlobalSection
EndGlobal
